
Microsoft Visual Studio Solution File, Format Version 12.00
# Visual Studio Version 16
VisualStudioVersion = 16.0.31613.86
MinimumVisualStudioVersion = 10.0.40219.1
Project("{9A19103F-16F7-4668-BE54-9A1E7A4F7556}") = "Cog_Translate", "Cog_Translate.csproj", "{1D1A3231-6933-49BE-8503-117F269C8655}"
EndProject
Project("{9A19103F-16F7-4668-BE54-9A1E7A4F7556}") = "Cog_Sentiment", "..\Cog_Sentiment\Cog_Sentiment.csproj", "{98895A2E-D54D-4059-810E-F8EEC434C53D}"
EndProject
Project("{FAE04EC0-301F-11D3-BF4B-00C04F79EFBC}") = "Cog_TextToSpeech", "..\Cog_TextToSpeech\Cog_TextToSpeech.csproj", "{0D00E27E-A17F-498A-BA69-C5A7DE7CE1B0}"
EndProject
Project("{FAE04EC0-301F-11D3-BF4B-00C04F79EFBC}") = "Cog_SpeechToText", "..\Cog_SpeechToText\Cog_SpeechToText.csproj", "{8FC003E6-E2B0-4537-A57C-373F8CEFDF09}"
EndProject
Project("{FAE04EC0-301F-11D3-BF4B-00C04F79EFBC}") = "Cog_ImageAnalysis", "..\Cog_ImageAnalysis\Cog_ImageAnalysis.csproj", "{EF5512C3-56D1-4E7F-8E77-0ED0BF58E69D}"
EndProject
Global
	GlobalSection(SolutionConfigurationPlatforms) = preSolution
		Debug|Any CPU = Debug|Any CPU
		Release|Any CPU = Release|Any CPU
	EndGlobalSection
	GlobalSection(ProjectConfigurationPlatforms) = postSolution
		{1D1A3231-6933-49BE-8503-117F269C8655}.Debug|Any CPU.ActiveCfg = Debug|Any CPU
		{1D1A3231-6933-49BE-8503-117F269C8655}.Debug|Any CPU.Build.0 = Debug|Any CPU
		{1D1A3231-6933-49BE-8503-117F269C8655}.Release|Any CPU.ActiveCfg = Release|Any CPU
		{1D1A3231-6933-49BE-8503-117F269C8655}.Release|Any CPU.Build.0 = Release|Any CPU
		{98895A2E-D54D-4059-810E-F8EEC434C53D}.Debug|Any CPU.ActiveCfg = Debug|Any CPU
		{98895A2E-D54D-4059-810E-F8EEC434C53D}.Debug|Any CPU.Build.0 = Debug|Any CPU
		{98895A2E-D54D-4059-810E-F8EEC434C53D}.Release|Any CPU.ActiveCfg = Release|Any CPU
		{98895A2E-D54D-4059-810E-F8EEC434C53D}.Release|Any CPU.Build.0 = Release|Any CPU
		{0D00E27E-A17F-498A-BA69-C5A7DE7CE1B0}.Debug|Any CPU.ActiveCfg = Debug|Any CPU
		{0D00E27E-A17F-498A-BA69-C5A7DE7CE1B0}.Debug|Any CPU.Build.0 = Debug|Any CPU
		{0D00E27E-A17F-498A-BA69-C5A7DE7CE1B0}.Release|Any CPU.ActiveCfg = Release|Any CPU
		{0D00E27E-A17F-498A-BA69-C5A7DE7CE1B0}.Release|Any CPU.Build.0 = Release|Any CPU
		{8FC003E6-E2B0-4537-A57C-373F8CEFDF09}.Debug|Any CPU.ActiveCfg = Debug|Any CPU
		{8FC003E6-E2B0-4537-A57C-373F8CEFDF09}.Debug|Any CPU.Build.0 = Debug|Any CPU
		{8FC003E6-E2B0-4537-A57C-373F8CEFDF09}.Release|Any CPU.ActiveCfg = Release|Any CPU
		{8FC003E6-E2B0-4537-A57C-373F8CEFDF09}.Release|Any CPU.Build.0 = Release|Any CPU
		{EF5512C3-56D1-4E7F-8E77-0ED0BF58E69D}.Debug|Any CPU.ActiveCfg = Debug|Any CPU
		{EF5512C3-56D1-4E7F-8E77-0ED0BF58E69D}.Debug|Any CPU.Build.0 = Debug|Any CPU
		{EF5512C3-56D1-4E7F-8E77-0ED0BF58E69D}.Release|Any CPU.ActiveCfg = Release|Any CPU
		{EF5512C3-56D1-4E7F-8E77-0ED0BF58E69D}.Release|Any CPU.Build.0 = Release|Any CPU
	EndGlobalSection
	GlobalSection(SolutionProperties) = preSolution
		HideSolutionNode = FALSE
	EndGlobalSection
	GlobalSection(ExtensibilityGlobals) = postSolution
		SolutionGuid = {4400A3AE-380A-432D-A871-E91E862E5C61}
	EndGlobalSection
EndGlobal
