
Microsoft Visual Studio Solution File, Format Version 12.00
# Visual Studio Version 16
VisualStudioVersion = 16.0.31613.86
MinimumVisualStudioVersion = 10.0.40219.1
Project("{FAE04EC0-301F-11D3-BF4B-00C04F79EFBC}") = "DbAzureFunction", "DbAzureFunction.csproj", "{AB617C87-3EBC-4A88-9E2A-F932D952602B}"
EndProject
Global
	GlobalSection(SolutionConfigurationPlatforms) = preSolution
		Debug|Any CPU = Debug|Any CPU
		Release|Any CPU = Release|Any CPU
	EndGlobalSection
	GlobalSection(ProjectConfigurationPlatforms) = postSolution
		{AB617C87-3EBC-4A88-9E2A-F932D952602B}.Debug|Any CPU.ActiveCfg = Debug|Any CPU
		{AB617C87-3EBC-4A88-9E2A-F932D952602B}.Debug|Any CPU.Build.0 = Debug|Any CPU
		{AB617C87-3EBC-4A88-9E2A-F932D952602B}.Release|Any CPU.ActiveCfg = Release|Any CPU
		{AB617C87-3EBC-4A88-9E2A-F932D952602B}.Release|Any CPU.Build.0 = Release|Any CPU
	EndGlobalSection
	GlobalSection(SolutionProperties) = preSolution
		HideSolutionNode = FALSE
	EndGlobalSection
	GlobalSection(ExtensibilityGlobals) = postSolution
		SolutionGuid = {9ED03085-44BC-468A-BCFD-12A33F3A83A8}
	EndGlobalSection
EndGlobal
