
Microsoft Visual Studio Solution File, Format Version 12.00
# Visual Studio Version 16
VisualStudioVersion = 16.0.31613.86
MinimumVisualStudioVersion = 10.0.40219.1
Project("{FAE04EC0-301F-11D3-BF4B-00C04F79EFBC}") = "WebApplication1", "WebApplication1.csproj", "{938C5AB0-3B95-4F6A-8364-FA5DFD49042F}"
EndProject
Global
	GlobalSection(SolutionConfigurationPlatforms) = preSolution
		Debug|Any CPU = Debug|Any CPU
		Release|Any CPU = Release|Any CPU
	EndGlobalSection
	GlobalSection(ProjectConfigurationPlatforms) = postSolution
		{938C5AB0-3B95-4F6A-8364-FA5DFD49042F}.Debug|Any CPU.ActiveCfg = Debug|Any CPU
		{938C5AB0-3B95-4F6A-8364-FA5DFD49042F}.Debug|Any CPU.Build.0 = Debug|Any CPU
		{938C5AB0-3B95-4F6A-8364-FA5DFD49042F}.Release|Any CPU.ActiveCfg = Release|Any CPU
		{938C5AB0-3B95-4F6A-8364-FA5DFD49042F}.Release|Any CPU.Build.0 = Release|Any CPU
	EndGlobalSection
	GlobalSection(SolutionProperties) = preSolution
		HideSolutionNode = FALSE
	EndGlobalSection
	GlobalSection(ExtensibilityGlobals) = postSolution
		SolutionGuid = {111B6B97-6859-4984-B9E1-C853679E50DC}
	EndGlobalSection
EndGlobal
